
Microsoft Visual Studio Solution File, Format Version 12.00
# Visual Studio 14
VisualStudioVersion = 14.0.25420.1
MinimumVisualStudioVersion = 10.0.40219.1
Project("{FAE04EC0-301F-11D3-BF4B-00C04F79EFBC}") = "TaskManager.GUI", "TaskManager.GUI\TaskManager.GUI.csproj", "{19C0BE4F-06E8-47FF-8D30-6AC7893F6FB2}"
EndProject
Project("{FAE04EC0-301F-11D3-BF4B-00C04F79EFBC}") = "TaskManager.Domain", "TaskManager.Domain\TaskManager.Domain.csproj", "{F8879D73-4AD2-4CA1-ACCB-D75C6DC8408C}"
EndProject
Project("{FAE04EC0-301F-11D3-BF4B-00C04F79EFBC}") = "TaskManager.Services", "TaskManager.Services\TaskManager.Services.csproj", "{1C1F4103-EFAF-4E72-92F7-8D713F60BEC2}"
EndProject
Project("{FAE04EC0-301F-11D3-BF4B-00C04F79EFBC}") = "TaskManager.Helper", "TaskManager.Helper\TaskManager.Helper.csproj", "{07B4F78E-9781-4670-8F87-89AD0890131A}"
EndProject
Global
	GlobalSection(SolutionConfigurationPlatforms) = preSolution
		Debug|Any CPU = Debug|Any CPU
		Release|Any CPU = Release|Any CPU
	EndGlobalSection
	GlobalSection(ProjectConfigurationPlatforms) = postSolution
		{19C0BE4F-06E8-47FF-8D30-6AC7893F6FB2}.Debug|Any CPU.ActiveCfg = Debug|Any CPU
		{19C0BE4F-06E8-47FF-8D30-6AC7893F6FB2}.Debug|Any CPU.Build.0 = Debug|Any CPU
		{19C0BE4F-06E8-47FF-8D30-6AC7893F6FB2}.Release|Any CPU.ActiveCfg = Release|Any CPU
		{19C0BE4F-06E8-47FF-8D30-6AC7893F6FB2}.Release|Any CPU.Build.0 = Release|Any CPU
		{F8879D73-4AD2-4CA1-ACCB-D75C6DC8408C}.Debug|Any CPU.ActiveCfg = Debug|Any CPU
		{F8879D73-4AD2-4CA1-ACCB-D75C6DC8408C}.Debug|Any CPU.Build.0 = Debug|Any CPU
		{F8879D73-4AD2-4CA1-ACCB-D75C6DC8408C}.Release|Any CPU.ActiveCfg = Release|Any CPU
		{F8879D73-4AD2-4CA1-ACCB-D75C6DC8408C}.Release|Any CPU.Build.0 = Release|Any CPU
		{1C1F4103-EFAF-4E72-92F7-8D713F60BEC2}.Debug|Any CPU.ActiveCfg = Debug|Any CPU
		{1C1F4103-EFAF-4E72-92F7-8D713F60BEC2}.Debug|Any CPU.Build.0 = Debug|Any CPU
		{1C1F4103-EFAF-4E72-92F7-8D713F60BEC2}.Release|Any CPU.ActiveCfg = Release|Any CPU
		{1C1F4103-EFAF-4E72-92F7-8D713F60BEC2}.Release|Any CPU.Build.0 = Release|Any CPU
		{07B4F78E-9781-4670-8F87-89AD0890131A}.Debug|Any CPU.ActiveCfg = Debug|Any CPU
		{07B4F78E-9781-4670-8F87-89AD0890131A}.Debug|Any CPU.Build.0 = Debug|Any CPU
		{07B4F78E-9781-4670-8F87-89AD0890131A}.Release|Any CPU.ActiveCfg = Release|Any CPU
		{07B4F78E-9781-4670-8F87-89AD0890131A}.Release|Any CPU.Build.0 = Release|Any CPU
	EndGlobalSection
	GlobalSection(SolutionProperties) = preSolution
		HideSolutionNode = FALSE
	EndGlobalSection
EndGlobal
